
Microsoft Visual Studio Solution File, Format Version 12.00
# Visual Studio Version 17
VisualStudioVersion = 17.14.36705.20 d17.14
MinimumVisualStudioVersion = 10.0.40219.1
Project("{FAE04EC0-301F-11D3-BF4B-00C04F79EFBC}") = "MicroClient", "MicroClient\MicroClient.csproj", "{B462EC5A-DCAF-4E84-9BB5-F9C29B3089BA}"
EndProject
Global
	GlobalSection(SolutionConfigurationPlatforms) = preSolution
		Debug|Any CPU = Debug|Any CPU
		Release|Any CPU = Release|Any CPU
	EndGlobalSection
	GlobalSection(ProjectConfigurationPlatforms) = postSolution
		{B462EC5A-DCAF-4E84-9BB5-F9C29B3089BA}.Debug|Any CPU.ActiveCfg = Debug|Any CPU
		{B462EC5A-DCAF-4E84-9BB5-F9C29B3089BA}.Debug|Any CPU.Build.0 = Debug|Any CPU
		{B462EC5A-DCAF-4E84-9BB5-F9C29B3089BA}.Release|Any CPU.ActiveCfg = Release|Any CPU
		{B462EC5A-DCAF-4E84-9BB5-F9C29B3089BA}.Release|Any CPU.Build.0 = Release|Any CPU
	EndGlobalSection
	GlobalSection(SolutionProperties) = preSolution
		HideSolutionNode = FALSE
	EndGlobalSection
	GlobalSection(ExtensibilityGlobals) = postSolution
		SolutionGuid = {9F7CE86C-E1F4-4536-A6E4-A6C48D3DF3C4}
	EndGlobalSection
EndGlobal
